github.com/pkg/errors v0.8.0 h1:WdK/asTD0HN+q6hsWO3/vpuAkAr+tw6aNJNDFFf0+qw=
github.com/pkg/errors v0.8.0/go.mod h1:bwawxfHBFNV+L2hUp1rHADufV3IMtnDRdf1r5NINEl0=
gitlab.bmi/fyf/rtspclient.git v0.0.0-20181218073150-463ef968a3c9 h1:ghMtpG3dqX2ozKQw5Mef/1R6EPyyCelrL5CCjzl0AZk=
gitlab.bmi/fyf/rtspclient.git v0.0.0-20181218073150-463ef968a3c9/go.mod h1:lUB6tdx7j8pNR75jT++KFCADObPFmaQDjV6YFSxU4yU=
